
Microsoft Visual Studio Solution File, Format Version 12.00
# Visual Studio 15
VisualStudioVersion = 15.0.26124.0
MinimumVisualStudioVersion = 15.0.26124.0
Project("{2150E333-8FDC-42A3-9474-1A3956D46DE8}") = "src", "src", "{310905B6-B901-4204-BE35-A4A2284C1B54}"
EndProject
Project("{FAE04EC0-301F-11D3-BF4B-00C04F79EFBC}") = "Ooze", "src\Ooze\Ooze.csproj", "{3FBE63AE-4965-4B5F-A607-871CA78882D7}"
EndProject
Project("{2150E333-8FDC-42A3-9474-1A3956D46DE8}") = "tests", "tests", "{D705A499-AD1D-4FC8-8EF6-2B5687E84CBE}"
EndProject
Project("{FAE04EC0-301F-11D3-BF4B-00C04F79EFBC}") = "Ooze.Web", "tests\Ooze.Web\Ooze.Web.csproj", "{5375F0EC-061C-4B8B-B765-22FAB4B3B0DE}"
EndProject
Project("{FAE04EC0-301F-11D3-BF4B-00C04F79EFBC}") = "Ooze.AspNetCore", "src\Ooze.AspNetCore\Ooze.AspNetCore.csproj", "{2B8EDF80-273B-438C-9CBA-1203A92C8103}"
EndProject
Global
	GlobalSection(SolutionConfigurationPlatforms) = preSolution
		Debug|Any CPU = Debug|Any CPU
		Debug|x64 = Debug|x64
		Debug|x86 = Debug|x86
		Release|Any CPU = Release|Any CPU
		Release|x64 = Release|x64
		Release|x86 = Release|x86
	EndGlobalSection
	GlobalSection(SolutionProperties) = preSolution
		HideSolutionNode = FALSE
	EndGlobalSection
	GlobalSection(ProjectConfigurationPlatforms) = postSolution
		{3FBE63AE-4965-4B5F-A607-871CA78882D7}.Debug|Any CPU.ActiveCfg = Debug|Any CPU
		{3FBE63AE-4965-4B5F-A607-871CA78882D7}.Debug|Any CPU.Build.0 = Debug|Any CPU
		{3FBE63AE-4965-4B5F-A607-871CA78882D7}.Debug|x64.ActiveCfg = Debug|Any CPU
		{3FBE63AE-4965-4B5F-A607-871CA78882D7}.Debug|x64.Build.0 = Debug|Any CPU
		{3FBE63AE-4965-4B5F-A607-871CA78882D7}.Debug|x86.ActiveCfg = Debug|Any CPU
		{3FBE63AE-4965-4B5F-A607-871CA78882D7}.Debug|x86.Build.0 = Debug|Any CPU
		{3FBE63AE-4965-4B5F-A607-871CA78882D7}.Release|Any CPU.ActiveCfg = Release|Any CPU
		{3FBE63AE-4965-4B5F-A607-871CA78882D7}.Release|Any CPU.Build.0 = Release|Any CPU
		{3FBE63AE-4965-4B5F-A607-871CA78882D7}.Release|x64.ActiveCfg = Release|Any CPU
		{3FBE63AE-4965-4B5F-A607-871CA78882D7}.Release|x64.Build.0 = Release|Any CPU
		{3FBE63AE-4965-4B5F-A607-871CA78882D7}.Release|x86.ActiveCfg = Release|Any CPU
		{3FBE63AE-4965-4B5F-A607-871CA78882D7}.Release|x86.Build.0 = Release|Any CPU
		{5375F0EC-061C-4B8B-B765-22FAB4B3B0DE}.Debug|Any CPU.ActiveCfg = Debug|Any CPU
		{5375F0EC-061C-4B8B-B765-22FAB4B3B0DE}.Debug|Any CPU.Build.0 = Debug|Any CPU
		{5375F0EC-061C-4B8B-B765-22FAB4B3B0DE}.Debug|x64.ActiveCfg = Debug|Any CPU
		{5375F0EC-061C-4B8B-B765-22FAB4B3B0DE}.Debug|x64.Build.0 = Debug|Any CPU
		{5375F0EC-061C-4B8B-B765-22FAB4B3B0DE}.Debug|x86.ActiveCfg = Debug|Any CPU
		{5375F0EC-061C-4B8B-B765-22FAB4B3B0DE}.Debug|x86.Build.0 = Debug|Any CPU
		{5375F0EC-061C-4B8B-B765-22FAB4B3B0DE}.Release|Any CPU.ActiveCfg = Release|Any CPU
		{5375F0EC-061C-4B8B-B765-22FAB4B3B0DE}.Release|Any CPU.Build.0 = Release|Any CPU
		{5375F0EC-061C-4B8B-B765-22FAB4B3B0DE}.Release|x64.ActiveCfg = Release|Any CPU
		{5375F0EC-061C-4B8B-B765-22FAB4B3B0DE}.Release|x64.Build.0 = Release|Any CPU
		{5375F0EC-061C-4B8B-B765-22FAB4B3B0DE}.Release|x86.ActiveCfg = Release|Any CPU
		{5375F0EC-061C-4B8B-B765-22FAB4B3B0DE}.Release|x86.Build.0 = Release|Any CPU
		{2B8EDF80-273B-438C-9CBA-1203A92C8103}.Debug|Any CPU.ActiveCfg = Debug|Any CPU
		{2B8EDF80-273B-438C-9CBA-1203A92C8103}.Debug|Any CPU.Build.0 = Debug|Any CPU
		{2B8EDF80-273B-438C-9CBA-1203A92C8103}.Debug|x64.ActiveCfg = Debug|Any CPU
		{2B8EDF80-273B-438C-9CBA-1203A92C8103}.Debug|x64.Build.0 = Debug|Any CPU
		{2B8EDF80-273B-438C-9CBA-1203A92C8103}.Debug|x86.ActiveCfg = Debug|Any CPU
		{2B8EDF80-273B-438C-9CBA-1203A92C8103}.Debug|x86.Build.0 = Debug|Any CPU
		{2B8EDF80-273B-438C-9CBA-1203A92C8103}.Release|Any CPU.ActiveCfg = Release|Any CPU
		{2B8EDF80-273B-438C-9CBA-1203A92C8103}.Release|Any CPU.Build.0 = Release|Any CPU
		{2B8EDF80-273B-438C-9CBA-1203A92C8103}.Release|x64.ActiveCfg = Release|Any CPU
		{2B8EDF80-273B-438C-9CBA-1203A92C8103}.Release|x64.Build.0 = Release|Any CPU
		{2B8EDF80-273B-438C-9CBA-1203A92C8103}.Release|x86.ActiveCfg = Release|Any CPU
		{2B8EDF80-273B-438C-9CBA-1203A92C8103}.Release|x86.Build.0 = Release|Any CPU
	EndGlobalSection
	GlobalSection(NestedProjects) = preSolution
		{3FBE63AE-4965-4B5F-A607-871CA78882D7} = {310905B6-B901-4204-BE35-A4A2284C1B54}
		{5375F0EC-061C-4B8B-B765-22FAB4B3B0DE} = {D705A499-AD1D-4FC8-8EF6-2B5687E84CBE}
		{2B8EDF80-273B-438C-9CBA-1203A92C8103} = {310905B6-B901-4204-BE35-A4A2284C1B54}
	EndGlobalSection
EndGlobal
