
Microsoft Visual Studio Solution File, Format Version 12.00
# Visual Studio Version 17
VisualStudioVersion = 17.2.32519.379
MinimumVisualStudioVersion = 15.0.26124.0
Project("{2150E333-8FDC-42A3-9474-1A3956D46DE8}") = "src", "src", "{310905B6-B901-4204-BE35-A4A2284C1B54}"
EndProject
Project("{2150E333-8FDC-42A3-9474-1A3956D46DE8}") = "tests", "tests", "{D705A499-AD1D-4FC8-8EF6-2B5687E84CBE}"
EndProject
Project("{9A19103F-16F7-4668-BE54-9A1E7A4F7556}") = "Ooze.Typed", "src\Ooze.Typed\Ooze.Typed.csproj", "{E04D3FD1-C2D7-4241-ACB1-80125A3F2ABF}"
EndProject
Project("{9A19103F-16F7-4668-BE54-9A1E7A4F7556}") = "Ooze.Typed.Web", "tests\Ooze.Typed.Web\Ooze.Typed.Web.csproj", "{E72B96A5-2B13-433A-868A-9B5B22E4711B}"
EndProject
Project("{FAE04EC0-301F-11D3-BF4B-00C04F79EFBC}") = "Ooze.Typed.Tests", "tests\Ooze.Typed.Tests\Ooze.Typed.Tests.csproj", "{207D05AE-A25A-4944-8325-2BFA761B57CD}"
EndProject
Project("{FAE04EC0-301F-11D3-BF4B-00C04F79EFBC}") = "Ooze.Typed.EntityFrameworkCore", "src\Ooze.Typed.EntityFrameworkCore\Ooze.Typed.EntityFrameworkCore.csproj", "{6AC23C0B-DE80-4B99-8931-E1E8E1CC81B3}"
EndProject
Project("{FAE04EC0-301F-11D3-BF4B-00C04F79EFBC}") = "Ooze.Typed.EntityFrameworkCore.Sqlite", "src\Ooze.Typed.EntityFrameworkCore.Sqlite\Ooze.Typed.EntityFrameworkCore.Sqlite.csproj", "{96D92F0B-9838-46F0-A849-B2B109568C70}"
EndProject
Project("{FAE04EC0-301F-11D3-BF4B-00C04F79EFBC}") = "Ooze.Typed.EntityFrameworkCore.SqlServer", "src\Ooze.Typed.EntityFrameworkCore.SqlServer\Ooze.Typed.EntityFrameworkCore.SqlServer.csproj", "{AB955181-1F67-406A-8B37-D74E4A60576E}"
EndProject
Project("{FAE04EC0-301F-11D3-BF4B-00C04F79EFBC}") = "Ooze.Typed.Tests.SqlServer", "tests\Ooze.Typed.Tests.SqlServer\Ooze.Typed.Tests.SqlServer.csproj", "{EF598B9D-6F54-4043-930C-50F6D3A7D12B}"
EndProject
Project("{FAE04EC0-301F-11D3-BF4B-00C04F79EFBC}") = "Ooze.Typed.EntityFrameworkCore.Npgsql", "src\Ooze.Typed.EntityFrameworkCore.Npgsql\Ooze.Typed.EntityFrameworkCore.Npgsql.csproj", "{06D2FE47-01A1-4827-AB22-CDAE71DD747A}"
EndProject
Project("{FAE04EC0-301F-11D3-BF4B-00C04F79EFBC}") = "Ooze.Typed.Tests.Npgsql", "tests\Ooze.Typed.Tests.Npgsql\Ooze.Typed.Tests.Npgsql.csproj", "{4D6401E5-BD94-431A-AD9C-4E0699525438}"
EndProject
Project("{FAE04EC0-301F-11D3-BF4B-00C04F79EFBC}") = "Ooze.Typed.EntityFrameworkCore.MySql", "src\Ooze.Typed.EntityFrameworkCore.MySql\Ooze.Typed.EntityFrameworkCore.MySql.csproj", "{F744C987-F831-4961-B6D3-810D62C4AC27}"
EndProject
Global
	GlobalSection(SolutionConfigurationPlatforms) = preSolution
		Debug|Any CPU = Debug|Any CPU
		Debug|x64 = Debug|x64
		Debug|x86 = Debug|x86
		Release|Any CPU = Release|Any CPU
		Release|x64 = Release|x64
		Release|x86 = Release|x86
	EndGlobalSection
	GlobalSection(ProjectConfigurationPlatforms) = postSolution
		{E04D3FD1-C2D7-4241-ACB1-80125A3F2ABF}.Debug|Any CPU.ActiveCfg = Debug|Any CPU
		{E04D3FD1-C2D7-4241-ACB1-80125A3F2ABF}.Debug|Any CPU.Build.0 = Debug|Any CPU
		{E04D3FD1-C2D7-4241-ACB1-80125A3F2ABF}.Debug|x64.ActiveCfg = Debug|Any CPU
		{E04D3FD1-C2D7-4241-ACB1-80125A3F2ABF}.Debug|x64.Build.0 = Debug|Any CPU
		{E04D3FD1-C2D7-4241-ACB1-80125A3F2ABF}.Debug|x86.ActiveCfg = Debug|Any CPU
		{E04D3FD1-C2D7-4241-ACB1-80125A3F2ABF}.Debug|x86.Build.0 = Debug|Any CPU
		{E04D3FD1-C2D7-4241-ACB1-80125A3F2ABF}.Release|Any CPU.ActiveCfg = Release|Any CPU
		{E04D3FD1-C2D7-4241-ACB1-80125A3F2ABF}.Release|Any CPU.Build.0 = Release|Any CPU
		{E04D3FD1-C2D7-4241-ACB1-80125A3F2ABF}.Release|x64.ActiveCfg = Release|Any CPU
		{E04D3FD1-C2D7-4241-ACB1-80125A3F2ABF}.Release|x64.Build.0 = Release|Any CPU
		{E04D3FD1-C2D7-4241-ACB1-80125A3F2ABF}.Release|x86.ActiveCfg = Release|Any CPU
		{E04D3FD1-C2D7-4241-ACB1-80125A3F2ABF}.Release|x86.Build.0 = Release|Any CPU
		{E72B96A5-2B13-433A-868A-9B5B22E4711B}.Debug|Any CPU.ActiveCfg = Debug|Any CPU
		{E72B96A5-2B13-433A-868A-9B5B22E4711B}.Debug|Any CPU.Build.0 = Debug|Any CPU
		{E72B96A5-2B13-433A-868A-9B5B22E4711B}.Debug|x64.ActiveCfg = Debug|Any CPU
		{E72B96A5-2B13-433A-868A-9B5B22E4711B}.Debug|x64.Build.0 = Debug|Any CPU
		{E72B96A5-2B13-433A-868A-9B5B22E4711B}.Debug|x86.ActiveCfg = Debug|Any CPU
		{E72B96A5-2B13-433A-868A-9B5B22E4711B}.Debug|x86.Build.0 = Debug|Any CPU
		{E72B96A5-2B13-433A-868A-9B5B22E4711B}.Release|Any CPU.ActiveCfg = Release|Any CPU
		{E72B96A5-2B13-433A-868A-9B5B22E4711B}.Release|Any CPU.Build.0 = Release|Any CPU
		{E72B96A5-2B13-433A-868A-9B5B22E4711B}.Release|x64.ActiveCfg = Release|Any CPU
		{E72B96A5-2B13-433A-868A-9B5B22E4711B}.Release|x64.Build.0 = Release|Any CPU
		{E72B96A5-2B13-433A-868A-9B5B22E4711B}.Release|x86.ActiveCfg = Release|Any CPU
		{E72B96A5-2B13-433A-868A-9B5B22E4711B}.Release|x86.Build.0 = Release|Any CPU
		{207D05AE-A25A-4944-8325-2BFA761B57CD}.Debug|Any CPU.ActiveCfg = Debug|Any CPU
		{207D05AE-A25A-4944-8325-2BFA761B57CD}.Debug|Any CPU.Build.0 = Debug|Any CPU
		{207D05AE-A25A-4944-8325-2BFA761B57CD}.Debug|x64.ActiveCfg = Debug|Any CPU
		{207D05AE-A25A-4944-8325-2BFA761B57CD}.Debug|x64.Build.0 = Debug|Any CPU
		{207D05AE-A25A-4944-8325-2BFA761B57CD}.Debug|x86.ActiveCfg = Debug|Any CPU
		{207D05AE-A25A-4944-8325-2BFA761B57CD}.Debug|x86.Build.0 = Debug|Any CPU
		{207D05AE-A25A-4944-8325-2BFA761B57CD}.Release|Any CPU.ActiveCfg = Release|Any CPU
		{207D05AE-A25A-4944-8325-2BFA761B57CD}.Release|Any CPU.Build.0 = Release|Any CPU
		{207D05AE-A25A-4944-8325-2BFA761B57CD}.Release|x64.ActiveCfg = Release|Any CPU
		{207D05AE-A25A-4944-8325-2BFA761B57CD}.Release|x64.Build.0 = Release|Any CPU
		{207D05AE-A25A-4944-8325-2BFA761B57CD}.Release|x86.ActiveCfg = Release|Any CPU
		{207D05AE-A25A-4944-8325-2BFA761B57CD}.Release|x86.Build.0 = Release|Any CPU
		{6AC23C0B-DE80-4B99-8931-E1E8E1CC81B3}.Debug|Any CPU.ActiveCfg = Debug|Any CPU
		{6AC23C0B-DE80-4B99-8931-E1E8E1CC81B3}.Debug|Any CPU.Build.0 = Debug|Any CPU
		{6AC23C0B-DE80-4B99-8931-E1E8E1CC81B3}.Debug|x64.ActiveCfg = Debug|Any CPU
		{6AC23C0B-DE80-4B99-8931-E1E8E1CC81B3}.Debug|x64.Build.0 = Debug|Any CPU
		{6AC23C0B-DE80-4B99-8931-E1E8E1CC81B3}.Debug|x86.ActiveCfg = Debug|Any CPU
		{6AC23C0B-DE80-4B99-8931-E1E8E1CC81B3}.Debug|x86.Build.0 = Debug|Any CPU
		{6AC23C0B-DE80-4B99-8931-E1E8E1CC81B3}.Release|Any CPU.ActiveCfg = Release|Any CPU
		{6AC23C0B-DE80-4B99-8931-E1E8E1CC81B3}.Release|Any CPU.Build.0 = Release|Any CPU
		{6AC23C0B-DE80-4B99-8931-E1E8E1CC81B3}.Release|x64.ActiveCfg = Release|Any CPU
		{6AC23C0B-DE80-4B99-8931-E1E8E1CC81B3}.Release|x64.Build.0 = Release|Any CPU
		{6AC23C0B-DE80-4B99-8931-E1E8E1CC81B3}.Release|x86.ActiveCfg = Release|Any CPU
		{6AC23C0B-DE80-4B99-8931-E1E8E1CC81B3}.Release|x86.Build.0 = Release|Any CPU
		{96D92F0B-9838-46F0-A849-B2B109568C70}.Debug|Any CPU.ActiveCfg = Debug|Any CPU
		{96D92F0B-9838-46F0-A849-B2B109568C70}.Debug|Any CPU.Build.0 = Debug|Any CPU
		{96D92F0B-9838-46F0-A849-B2B109568C70}.Debug|x64.ActiveCfg = Debug|Any CPU
		{96D92F0B-9838-46F0-A849-B2B109568C70}.Debug|x64.Build.0 = Debug|Any CPU
		{96D92F0B-9838-46F0-A849-B2B109568C70}.Debug|x86.ActiveCfg = Debug|Any CPU
		{96D92F0B-9838-46F0-A849-B2B109568C70}.Debug|x86.Build.0 = Debug|Any CPU
		{96D92F0B-9838-46F0-A849-B2B109568C70}.Release|Any CPU.ActiveCfg = Release|Any CPU
		{96D92F0B-9838-46F0-A849-B2B109568C70}.Release|Any CPU.Build.0 = Release|Any CPU
		{96D92F0B-9838-46F0-A849-B2B109568C70}.Release|x64.ActiveCfg = Release|Any CPU
		{96D92F0B-9838-46F0-A849-B2B109568C70}.Release|x64.Build.0 = Release|Any CPU
		{96D92F0B-9838-46F0-A849-B2B109568C70}.Release|x86.ActiveCfg = Release|Any CPU
		{96D92F0B-9838-46F0-A849-B2B109568C70}.Release|x86.Build.0 = Release|Any CPU
		{AB955181-1F67-406A-8B37-D74E4A60576E}.Debug|Any CPU.ActiveCfg = Debug|Any CPU
		{AB955181-1F67-406A-8B37-D74E4A60576E}.Debug|Any CPU.Build.0 = Debug|Any CPU
		{AB955181-1F67-406A-8B37-D74E4A60576E}.Debug|x64.ActiveCfg = Debug|Any CPU
		{AB955181-1F67-406A-8B37-D74E4A60576E}.Debug|x64.Build.0 = Debug|Any CPU
		{AB955181-1F67-406A-8B37-D74E4A60576E}.Debug|x86.ActiveCfg = Debug|Any CPU
		{AB955181-1F67-406A-8B37-D74E4A60576E}.Debug|x86.Build.0 = Debug|Any CPU
		{AB955181-1F67-406A-8B37-D74E4A60576E}.Release|Any CPU.ActiveCfg = Release|Any CPU
		{AB955181-1F67-406A-8B37-D74E4A60576E}.Release|Any CPU.Build.0 = Release|Any CPU
		{AB955181-1F67-406A-8B37-D74E4A60576E}.Release|x64.ActiveCfg = Release|Any CPU
		{AB955181-1F67-406A-8B37-D74E4A60576E}.Release|x64.Build.0 = Release|Any CPU
		{AB955181-1F67-406A-8B37-D74E4A60576E}.Release|x86.ActiveCfg = Release|Any CPU
		{AB955181-1F67-406A-8B37-D74E4A60576E}.Release|x86.Build.0 = Release|Any CPU
		{EF598B9D-6F54-4043-930C-50F6D3A7D12B}.Debug|Any CPU.ActiveCfg = Debug|Any CPU
		{EF598B9D-6F54-4043-930C-50F6D3A7D12B}.Debug|Any CPU.Build.0 = Debug|Any CPU
		{EF598B9D-6F54-4043-930C-50F6D3A7D12B}.Debug|x64.ActiveCfg = Debug|Any CPU
		{EF598B9D-6F54-4043-930C-50F6D3A7D12B}.Debug|x64.Build.0 = Debug|Any CPU
		{EF598B9D-6F54-4043-930C-50F6D3A7D12B}.Debug|x86.ActiveCfg = Debug|Any CPU
		{EF598B9D-6F54-4043-930C-50F6D3A7D12B}.Debug|x86.Build.0 = Debug|Any CPU
		{EF598B9D-6F54-4043-930C-50F6D3A7D12B}.Release|Any CPU.ActiveCfg = Release|Any CPU
		{EF598B9D-6F54-4043-930C-50F6D3A7D12B}.Release|Any CPU.Build.0 = Release|Any CPU
		{EF598B9D-6F54-4043-930C-50F6D3A7D12B}.Release|x64.ActiveCfg = Release|Any CPU
		{EF598B9D-6F54-4043-930C-50F6D3A7D12B}.Release|x64.Build.0 = Release|Any CPU
		{EF598B9D-6F54-4043-930C-50F6D3A7D12B}.Release|x86.ActiveCfg = Release|Any CPU
		{EF598B9D-6F54-4043-930C-50F6D3A7D12B}.Release|x86.Build.0 = Release|Any CPU
		{06D2FE47-01A1-4827-AB22-CDAE71DD747A}.Debug|Any CPU.ActiveCfg = Debug|Any CPU
		{06D2FE47-01A1-4827-AB22-CDAE71DD747A}.Debug|Any CPU.Build.0 = Debug|Any CPU
		{06D2FE47-01A1-4827-AB22-CDAE71DD747A}.Debug|x64.ActiveCfg = Debug|Any CPU
		{06D2FE47-01A1-4827-AB22-CDAE71DD747A}.Debug|x64.Build.0 = Debug|Any CPU
		{06D2FE47-01A1-4827-AB22-CDAE71DD747A}.Debug|x86.ActiveCfg = Debug|Any CPU
		{06D2FE47-01A1-4827-AB22-CDAE71DD747A}.Debug|x86.Build.0 = Debug|Any CPU
		{06D2FE47-01A1-4827-AB22-CDAE71DD747A}.Release|Any CPU.ActiveCfg = Release|Any CPU
		{06D2FE47-01A1-4827-AB22-CDAE71DD747A}.Release|Any CPU.Build.0 = Release|Any CPU
		{06D2FE47-01A1-4827-AB22-CDAE71DD747A}.Release|x64.ActiveCfg = Release|Any CPU
		{06D2FE47-01A1-4827-AB22-CDAE71DD747A}.Release|x64.Build.0 = Release|Any CPU
		{06D2FE47-01A1-4827-AB22-CDAE71DD747A}.Release|x86.ActiveCfg = Release|Any CPU
		{06D2FE47-01A1-4827-AB22-CDAE71DD747A}.Release|x86.Build.0 = Release|Any CPU
		{4D6401E5-BD94-431A-AD9C-4E0699525438}.Debug|Any CPU.ActiveCfg = Debug|Any CPU
		{4D6401E5-BD94-431A-AD9C-4E0699525438}.Debug|Any CPU.Build.0 = Debug|Any CPU
		{4D6401E5-BD94-431A-AD9C-4E0699525438}.Debug|x64.ActiveCfg = Debug|Any CPU
		{4D6401E5-BD94-431A-AD9C-4E0699525438}.Debug|x64.Build.0 = Debug|Any CPU
		{4D6401E5-BD94-431A-AD9C-4E0699525438}.Debug|x86.ActiveCfg = Debug|Any CPU
		{4D6401E5-BD94-431A-AD9C-4E0699525438}.Debug|x86.Build.0 = Debug|Any CPU
		{4D6401E5-BD94-431A-AD9C-4E0699525438}.Release|Any CPU.ActiveCfg = Release|Any CPU
		{4D6401E5-BD94-431A-AD9C-4E0699525438}.Release|Any CPU.Build.0 = Release|Any CPU
		{4D6401E5-BD94-431A-AD9C-4E0699525438}.Release|x64.ActiveCfg = Release|Any CPU
		{4D6401E5-BD94-431A-AD9C-4E0699525438}.Release|x64.Build.0 = Release|Any CPU
		{4D6401E5-BD94-431A-AD9C-4E0699525438}.Release|x86.ActiveCfg = Release|Any CPU
		{4D6401E5-BD94-431A-AD9C-4E0699525438}.Release|x86.Build.0 = Release|Any CPU
		{F744C987-F831-4961-B6D3-810D62C4AC27}.Debug|Any CPU.ActiveCfg = Debug|Any CPU
		{F744C987-F831-4961-B6D3-810D62C4AC27}.Debug|Any CPU.Build.0 = Debug|Any CPU
		{F744C987-F831-4961-B6D3-810D62C4AC27}.Debug|x64.ActiveCfg = Debug|Any CPU
		{F744C987-F831-4961-B6D3-810D62C4AC27}.Debug|x64.Build.0 = Debug|Any CPU
		{F744C987-F831-4961-B6D3-810D62C4AC27}.Debug|x86.ActiveCfg = Debug|Any CPU
		{F744C987-F831-4961-B6D3-810D62C4AC27}.Debug|x86.Build.0 = Debug|Any CPU
		{F744C987-F831-4961-B6D3-810D62C4AC27}.Release|Any CPU.ActiveCfg = Release|Any CPU
		{F744C987-F831-4961-B6D3-810D62C4AC27}.Release|Any CPU.Build.0 = Release|Any CPU
		{F744C987-F831-4961-B6D3-810D62C4AC27}.Release|x64.ActiveCfg = Release|Any CPU
		{F744C987-F831-4961-B6D3-810D62C4AC27}.Release|x64.Build.0 = Release|Any CPU
		{F744C987-F831-4961-B6D3-810D62C4AC27}.Release|x86.ActiveCfg = Release|Any CPU
		{F744C987-F831-4961-B6D3-810D62C4AC27}.Release|x86.Build.0 = Release|Any CPU
	EndGlobalSection
	GlobalSection(SolutionProperties) = preSolution
		HideSolutionNode = FALSE
	EndGlobalSection
	GlobalSection(NestedProjects) = preSolution
		{E04D3FD1-C2D7-4241-ACB1-80125A3F2ABF} = {310905B6-B901-4204-BE35-A4A2284C1B54}
		{E72B96A5-2B13-433A-868A-9B5B22E4711B} = {D705A499-AD1D-4FC8-8EF6-2B5687E84CBE}
		{207D05AE-A25A-4944-8325-2BFA761B57CD} = {D705A499-AD1D-4FC8-8EF6-2B5687E84CBE}
		{6AC23C0B-DE80-4B99-8931-E1E8E1CC81B3} = {310905B6-B901-4204-BE35-A4A2284C1B54}
		{96D92F0B-9838-46F0-A849-B2B109568C70} = {310905B6-B901-4204-BE35-A4A2284C1B54}
		{AB955181-1F67-406A-8B37-D74E4A60576E} = {310905B6-B901-4204-BE35-A4A2284C1B54}
		{EF598B9D-6F54-4043-930C-50F6D3A7D12B} = {D705A499-AD1D-4FC8-8EF6-2B5687E84CBE}
		{06D2FE47-01A1-4827-AB22-CDAE71DD747A} = {310905B6-B901-4204-BE35-A4A2284C1B54}
		{4D6401E5-BD94-431A-AD9C-4E0699525438} = {D705A499-AD1D-4FC8-8EF6-2B5687E84CBE}
		{F744C987-F831-4961-B6D3-810D62C4AC27} = {310905B6-B901-4204-BE35-A4A2284C1B54}
	EndGlobalSection
	GlobalSection(ExtensibilityGlobals) = postSolution
		SolutionGuid = {E41E3159-33C1-4D70-850D-6A350115C70C}
	EndGlobalSection
EndGlobal
