
Microsoft Visual Studio Solution File, Format Version 12.00
# Visual Studio Version 17
VisualStudioVersion = 17.2.32519.379
MinimumVisualStudioVersion = 15.0.26124.0
Project("{2150E333-8FDC-42A3-9474-1A3956D46DE8}") = "src", "src", "{310905B6-B901-4204-BE35-A4A2284C1B54}"
EndProject
Project("{2150E333-8FDC-42A3-9474-1A3956D46DE8}") = "tests", "tests", "{D705A499-AD1D-4FC8-8EF6-2B5687E84CBE}"
EndProject
Project("{9A19103F-16F7-4668-BE54-9A1E7A4F7556}") = "Ooze.Web", "tests\Ooze.Web\Ooze.Web.csproj", "{5375F0EC-061C-4B8B-B765-22FAB4B3B0DE}"
EndProject
Project("{9A19103F-16F7-4668-BE54-9A1E7A4F7556}") = "Ooze.Typed", "src\Ooze.Typed\Ooze.Typed.csproj", "{E04D3FD1-C2D7-4241-ACB1-80125A3F2ABF}"
EndProject
Project("{9A19103F-16F7-4668-BE54-9A1E7A4F7556}") = "Ooze.Typed.Web", "tests\Ooze.Typed.Web\Ooze.Typed.Web.csproj", "{E72B96A5-2B13-433A-868A-9B5B22E4711B}"
EndProject
Project("{FAE04EC0-301F-11D3-BF4B-00C04F79EFBC}") = "Ooze.Typed.Tests", "tests\Ooze.Typed.Tests\Ooze.Typed.Tests.csproj", "{207D05AE-A25A-4944-8325-2BFA761B57CD}"
EndProject
Global
	GlobalSection(SolutionConfigurationPlatforms) = preSolution
		Debug|Any CPU = Debug|Any CPU
		Debug|x64 = Debug|x64
		Debug|x86 = Debug|x86
		Release|Any CPU = Release|Any CPU
		Release|x64 = Release|x64
		Release|x86 = Release|x86
	EndGlobalSection
	GlobalSection(ProjectConfigurationPlatforms) = postSolution
		{5375F0EC-061C-4B8B-B765-22FAB4B3B0DE}.Debug|Any CPU.ActiveCfg = Debug|Any CPU
		{5375F0EC-061C-4B8B-B765-22FAB4B3B0DE}.Debug|Any CPU.Build.0 = Debug|Any CPU
		{5375F0EC-061C-4B8B-B765-22FAB4B3B0DE}.Debug|x64.ActiveCfg = Debug|Any CPU
		{5375F0EC-061C-4B8B-B765-22FAB4B3B0DE}.Debug|x64.Build.0 = Debug|Any CPU
		{5375F0EC-061C-4B8B-B765-22FAB4B3B0DE}.Debug|x86.ActiveCfg = Debug|Any CPU
		{5375F0EC-061C-4B8B-B765-22FAB4B3B0DE}.Debug|x86.Build.0 = Debug|Any CPU
		{5375F0EC-061C-4B8B-B765-22FAB4B3B0DE}.Release|Any CPU.ActiveCfg = Release|Any CPU
		{5375F0EC-061C-4B8B-B765-22FAB4B3B0DE}.Release|Any CPU.Build.0 = Release|Any CPU
		{5375F0EC-061C-4B8B-B765-22FAB4B3B0DE}.Release|x64.ActiveCfg = Release|Any CPU
		{5375F0EC-061C-4B8B-B765-22FAB4B3B0DE}.Release|x64.Build.0 = Release|Any CPU
		{5375F0EC-061C-4B8B-B765-22FAB4B3B0DE}.Release|x86.ActiveCfg = Release|Any CPU
		{5375F0EC-061C-4B8B-B765-22FAB4B3B0DE}.Release|x86.Build.0 = Release|Any CPU
		{E04D3FD1-C2D7-4241-ACB1-80125A3F2ABF}.Debug|Any CPU.ActiveCfg = Debug|Any CPU
		{E04D3FD1-C2D7-4241-ACB1-80125A3F2ABF}.Debug|Any CPU.Build.0 = Debug|Any CPU
		{E04D3FD1-C2D7-4241-ACB1-80125A3F2ABF}.Debug|x64.ActiveCfg = Debug|Any CPU
		{E04D3FD1-C2D7-4241-ACB1-80125A3F2ABF}.Debug|x64.Build.0 = Debug|Any CPU
		{E04D3FD1-C2D7-4241-ACB1-80125A3F2ABF}.Debug|x86.ActiveCfg = Debug|Any CPU
		{E04D3FD1-C2D7-4241-ACB1-80125A3F2ABF}.Debug|x86.Build.0 = Debug|Any CPU
		{E04D3FD1-C2D7-4241-ACB1-80125A3F2ABF}.Release|Any CPU.ActiveCfg = Release|Any CPU
		{E04D3FD1-C2D7-4241-ACB1-80125A3F2ABF}.Release|Any CPU.Build.0 = Release|Any CPU
		{E04D3FD1-C2D7-4241-ACB1-80125A3F2ABF}.Release|x64.ActiveCfg = Release|Any CPU
		{E04D3FD1-C2D7-4241-ACB1-80125A3F2ABF}.Release|x64.Build.0 = Release|Any CPU
		{E04D3FD1-C2D7-4241-ACB1-80125A3F2ABF}.Release|x86.ActiveCfg = Release|Any CPU
		{E04D3FD1-C2D7-4241-ACB1-80125A3F2ABF}.Release|x86.Build.0 = Release|Any CPU
		{E72B96A5-2B13-433A-868A-9B5B22E4711B}.Debug|Any CPU.ActiveCfg = Debug|Any CPU
		{E72B96A5-2B13-433A-868A-9B5B22E4711B}.Debug|Any CPU.Build.0 = Debug|Any CPU
		{E72B96A5-2B13-433A-868A-9B5B22E4711B}.Debug|x64.ActiveCfg = Debug|Any CPU
		{E72B96A5-2B13-433A-868A-9B5B22E4711B}.Debug|x64.Build.0 = Debug|Any CPU
		{E72B96A5-2B13-433A-868A-9B5B22E4711B}.Debug|x86.ActiveCfg = Debug|Any CPU
		{E72B96A5-2B13-433A-868A-9B5B22E4711B}.Debug|x86.Build.0 = Debug|Any CPU
		{E72B96A5-2B13-433A-868A-9B5B22E4711B}.Release|Any CPU.ActiveCfg = Release|Any CPU
		{E72B96A5-2B13-433A-868A-9B5B22E4711B}.Release|Any CPU.Build.0 = Release|Any CPU
		{E72B96A5-2B13-433A-868A-9B5B22E4711B}.Release|x64.ActiveCfg = Release|Any CPU
		{E72B96A5-2B13-433A-868A-9B5B22E4711B}.Release|x64.Build.0 = Release|Any CPU
		{E72B96A5-2B13-433A-868A-9B5B22E4711B}.Release|x86.ActiveCfg = Release|Any CPU
		{E72B96A5-2B13-433A-868A-9B5B22E4711B}.Release|x86.Build.0 = Release|Any CPU
		{207D05AE-A25A-4944-8325-2BFA761B57CD}.Debug|Any CPU.ActiveCfg = Debug|Any CPU
		{207D05AE-A25A-4944-8325-2BFA761B57CD}.Debug|Any CPU.Build.0 = Debug|Any CPU
		{207D05AE-A25A-4944-8325-2BFA761B57CD}.Debug|x64.ActiveCfg = Debug|Any CPU
		{207D05AE-A25A-4944-8325-2BFA761B57CD}.Debug|x64.Build.0 = Debug|Any CPU
		{207D05AE-A25A-4944-8325-2BFA761B57CD}.Debug|x86.ActiveCfg = Debug|Any CPU
		{207D05AE-A25A-4944-8325-2BFA761B57CD}.Debug|x86.Build.0 = Debug|Any CPU
		{207D05AE-A25A-4944-8325-2BFA761B57CD}.Release|Any CPU.ActiveCfg = Release|Any CPU
		{207D05AE-A25A-4944-8325-2BFA761B57CD}.Release|Any CPU.Build.0 = Release|Any CPU
		{207D05AE-A25A-4944-8325-2BFA761B57CD}.Release|x64.ActiveCfg = Release|Any CPU
		{207D05AE-A25A-4944-8325-2BFA761B57CD}.Release|x64.Build.0 = Release|Any CPU
		{207D05AE-A25A-4944-8325-2BFA761B57CD}.Release|x86.ActiveCfg = Release|Any CPU
		{207D05AE-A25A-4944-8325-2BFA761B57CD}.Release|x86.Build.0 = Release|Any CPU
	EndGlobalSection
	GlobalSection(SolutionProperties) = preSolution
		HideSolutionNode = FALSE
	EndGlobalSection
	GlobalSection(NestedProjects) = preSolution
		{5375F0EC-061C-4B8B-B765-22FAB4B3B0DE} = {D705A499-AD1D-4FC8-8EF6-2B5687E84CBE}
		{E04D3FD1-C2D7-4241-ACB1-80125A3F2ABF} = {310905B6-B901-4204-BE35-A4A2284C1B54}
		{E72B96A5-2B13-433A-868A-9B5B22E4711B} = {D705A499-AD1D-4FC8-8EF6-2B5687E84CBE}
		{207D05AE-A25A-4944-8325-2BFA761B57CD} = {D705A499-AD1D-4FC8-8EF6-2B5687E84CBE}
	EndGlobalSection
	GlobalSection(ExtensibilityGlobals) = postSolution
		SolutionGuid = {E41E3159-33C1-4D70-850D-6A350115C70C}
	EndGlobalSection
EndGlobal
